Microsoft Visual Studio Solution File, Format Version 12.00
# Visual Studio Version 17
VisualStudioVersion = 17.5.2.0
MinimumVisualStudioVersion = 10.0.40219.1
Project("{FAE04EC0-301F-11D3-BF4B-00C04F79EFBC}") = "Jumanj 2.0", "Jumanj 2.0.csproj", "{EB13A5AE-FA02-2CA1-E098-D2C08761E2F6}"
EndProject
Global
	GlobalSection(SolutionConfigurationPlatforms) = preSolution
		Debug|Any CPU = Debug|Any CPU
		Release|Any CPU = Release|Any CPU
	EndGlobalSection
	GlobalSection(ProjectConfigurationPlatforms) = postSolution
		{EB13A5AE-FA02-2CA1-E098-D2C08761E2F6}.Debug|Any CPU.ActiveCfg = Debug|Any CPU
		{EB13A5AE-FA02-2CA1-E098-D2C08761E2F6}.Debug|Any CPU.Build.0 = Debug|Any CPU
		{EB13A5AE-FA02-2CA1-E098-D2C08761E2F6}.Release|Any CPU.ActiveCfg = Release|Any CPU
		{EB13A5AE-FA02-2CA1-E098-D2C08761E2F6}.Release|Any CPU.Build.0 = Release|Any CPU
	EndGlobalSection
	GlobalSection(SolutionProperties) = preSolution
		HideSolutionNode = FALSE
	EndGlobalSection
	GlobalSection(ExtensibilityGlobals) = postSolution
		SolutionGuid = {11DCF6A4-4741-4E58-B128-6F127760B856}
	EndGlobalSection
EndGlobal
